
Microsoft Visual Studio Solution File, Format Version 12.00
# Visual Studio Version 17
VisualStudioVersion = 17.0.31903.59
MinimumVisualStudioVersion = 10.0.40219.1
Project("{9A19103F-16F7-4668-BE54-9A1E7A4F7556}") = "WebApi", "WebApi\WebApi.csproj", "{D5D9146A-436C-479A-AF00-AB1305556B0F}"
EndProject
Project("{9A19103F-16F7-4668-BE54-9A1E7A4F7556}") = "Entities", "Entities\Entities.csproj", "{F39A611D-1039-4A24-82D7-BA48CF171A97}"
EndProject
Project("{9A19103F-16F7-4668-BE54-9A1E7A4F7556}") = "Repositories", "Repositories\Repositories.csproj", "{57115D90-8566-4553-9B4A-E66CFFD1802B}"
EndProject
Project("{9A19103F-16F7-4668-BE54-9A1E7A4F7556}") = "Services", "Services\Services.csproj", "{A268A4D5-820B-4B59-BD9E-2AFB5E7284D8}"
EndProject
Project("{FAE04EC0-301F-11D3-BF4B-00C04F79EFBC}") = "Presentation", "Presentation\Presentation.csproj", "{EA7B6957-A1CF-4B36-88BF-B63A3CC70359}"
EndProject
Global
	GlobalSection(SolutionConfigurationPlatforms) = preSolution
		Debug|Any CPU = Debug|Any CPU
		Release|Any CPU = Release|Any CPU
	EndGlobalSection
	GlobalSection(ProjectConfigurationPlatforms) = postSolution
		{D5D9146A-436C-479A-AF00-AB1305556B0F}.Debug|Any CPU.ActiveCfg = Debug|Any CPU
		{D5D9146A-436C-479A-AF00-AB1305556B0F}.Debug|Any CPU.Build.0 = Debug|Any CPU
		{D5D9146A-436C-479A-AF00-AB1305556B0F}.Release|Any CPU.ActiveCfg = Release|Any CPU
		{D5D9146A-436C-479A-AF00-AB1305556B0F}.Release|Any CPU.Build.0 = Release|Any CPU
		{F39A611D-1039-4A24-82D7-BA48CF171A97}.Debug|Any CPU.ActiveCfg = Debug|Any CPU
		{F39A611D-1039-4A24-82D7-BA48CF171A97}.Debug|Any CPU.Build.0 = Debug|Any CPU
		{F39A611D-1039-4A24-82D7-BA48CF171A97}.Release|Any CPU.ActiveCfg = Release|Any CPU
		{F39A611D-1039-4A24-82D7-BA48CF171A97}.Release|Any CPU.Build.0 = Release|Any CPU
		{57115D90-8566-4553-9B4A-E66CFFD1802B}.Debug|Any CPU.ActiveCfg = Debug|Any CPU
		{57115D90-8566-4553-9B4A-E66CFFD1802B}.Debug|Any CPU.Build.0 = Debug|Any CPU
		{57115D90-8566-4553-9B4A-E66CFFD1802B}.Release|Any CPU.ActiveCfg = Release|Any CPU
		{57115D90-8566-4553-9B4A-E66CFFD1802B}.Release|Any CPU.Build.0 = Release|Any CPU
		{A268A4D5-820B-4B59-BD9E-2AFB5E7284D8}.Debug|Any CPU.ActiveCfg = Debug|Any CPU
		{A268A4D5-820B-4B59-BD9E-2AFB5E7284D8}.Debug|Any CPU.Build.0 = Debug|Any CPU
		{A268A4D5-820B-4B59-BD9E-2AFB5E7284D8}.Release|Any CPU.ActiveCfg = Release|Any CPU
		{A268A4D5-820B-4B59-BD9E-2AFB5E7284D8}.Release|Any CPU.Build.0 = Release|Any CPU
		{EA7B6957-A1CF-4B36-88BF-B63A3CC70359}.Debug|Any CPU.ActiveCfg = Debug|Any CPU
		{EA7B6957-A1CF-4B36-88BF-B63A3CC70359}.Debug|Any CPU.Build.0 = Debug|Any CPU
		{EA7B6957-A1CF-4B36-88BF-B63A3CC70359}.Release|Any CPU.ActiveCfg = Release|Any CPU
		{EA7B6957-A1CF-4B36-88BF-B63A3CC70359}.Release|Any CPU.Build.0 = Release|Any CPU
	EndGlobalSection
	GlobalSection(SolutionProperties) = preSolution
		HideSolutionNode = FALSE
	EndGlobalSection
	GlobalSection(ExtensibilityGlobals) = postSolution
		SolutionGuid = {129FE5F0-A377-4868-8DC2-070F59542E59}
	EndGlobalSection
EndGlobal
